dependencies:
- name: back
  repository: file://charts/back
  version: 0.1.0
- name: front
  repository: file://charts/front
  version: 0.1.0
- name: worker
  repository: file://charts/worker
  version: 0.1.0
- name: flower
  repository: file://charts/flower
  version: 0.1.0
- name: postgres
  repository: file://charts/postgres
  version: 0.1.0
- name: locust
  repository: file://charts/locust
  version: 0.1.0
digest: sha256:49938e62b54648952408478e3e395fc471bf260d85cb882785a566e89b5148da
generated: "2026-05-30T19:36:55.0104631+03:00"
